// !$*UTF8*$!
{
	archiveVersion = 1;
	classes = {
	};
	objectVersion = 46;
	objects = {

/* Begin PBXBuildFile section */
		1D4B8AB41DAEAA000056C8FC /* QRCodeReader.swift in Sources */ = {isa = PBXBuildFile; fileRef = 1D4B8AAD1DAEAA000056C8FC /* QRCodeReader.swift */; };
		1D4B8AB51DAEAA000056C8FC /* QRCodeReaderResult.swift in Sources */ = {isa = PBXBuildFile; fileRef = 1D4B8AAE1DAEAA000056C8FC /* QRCodeReaderResult.swift */; };
		1D4B8AB61DAEAA000056C8FC /* QRCodeReaderViewController.swift in Sources */ = {isa = PBXBuildFile; fileRef = 1D4B8AAF1DAEAA000056C8FC /* QRCodeReaderViewController.swift */; };
		1D4B8AB71DAEAA000056C8FC /* QRCodeReaderViewControllerBuilder.swift in Sources */ = {isa = PBXBuildFile; fileRef = 1D4B8AB01DAEAA000056C8FC /* QRCodeReaderViewControllerBuilder.swift */; };
		1D4B8AB81DAEAA000056C8FC /* ReaderOverlayView.swift in Sources */ = {isa = PBXBuildFile; fileRef = 1D4B8AB11DAEAA000056C8FC /* ReaderOverlayView.swift */; };
		1D4B8AB91DAEAA000056C8FC /* SwitchCameraButton.swift in Sources */ = {isa = PBXBuildFile; fileRef = 1D4B8AB21DAEAA000056C8FC /* SwitchCameraButton.swift */; };
		1D4B8ABA1DAEAA000056C8FC /* ToggleTorchButton.swift in Sources */ = {isa = PBXBuildFile; fileRef = 1D4B8AB31DAEAA000056C8FC /* ToggleTorchButton.swift */; };
		1D98317A1DAE6C0400755621 /* HomekubViewController.swift in Sources */ = {isa = PBXBuildFile; fileRef = 1D9831791DAE6C0400755621 /* HomekubViewController.swift */; };
		1D9831AC1DAE833200755621 /* DemoConversation.swift in Sources */ = {isa = PBXBuildFile; fileRef = 1D9831A91DAE833200755621 /* DemoConversation.swift */; };
		1D9831AD1DAE833200755621 /* ChatViewController.swift in Sources */ = {isa = PBXBuildFile; fileRef = 1D9831AA1DAE833200755621 /* ChatViewController.swift */; };
		1D9831AE1DAE833200755621 /* Conversation.swift in Sources */ = {isa = PBXBuildFile; fileRef = 1D9831AB1DAE833200755621 /* Conversation.swift */; };
		1D9831B31DAE83E700755621 /* InitalTableViewController.swift in Sources */ = {isa = PBXBuildFile; fileRef = 1D9831B11DAE83E700755621 /* InitalTableViewController.swift */; };
		1D9831B41DAE83E700755621 /* SettingsTableViewController.swift in Sources */ = {isa = PBXBuildFile; fileRef = 1D9831B21DAE83E700755621 /* SettingsTableViewController.swift */; };
		2D159F68E8CD298E103735A5 /* Pods_pomo.framework in Frameworks */ = {isa = PBXBuildFile; fileRef = FC8BD7AE423967DBAD5ED3CD /* Pods_pomo.framework */; };
		F114EEFA1DAA4CA9009842B4 /* ContentViewController.swift in Sources */ = {isa = PBXBuildFile; fileRef = F114EEF91DAA4CA9009842B4 /* ContentViewController.swift */; };
		F114EEFC1DAA855E009842B4 /* loginNavigationController.swift in Sources */ = {isa = PBXBuildFile; fileRef = F114EEFB1DAA855E009842B4 /* loginNavigationController.swift */; };
		F114EF001DABCECD009842B4 /* loginEmailContoller.swift in Sources */ = {isa = PBXBuildFile; fileRef = F114EEFF1DABCECD009842B4 /* loginEmailContoller.swift */; };
		F114EF021DABD505009842B4 /* informationRegisterViewController.swift in Sources */ = {isa = PBXBuildFile; fileRef = F114EF011DABD505009842B4 /* informationRegisterViewController.swift */; };
		F114EF041DABD7EF009842B4 /* enterOTPViewController.swift in Sources */ = {isa = PBXBuildFile; fileRef = F114EF031DABD7EF009842B4 /* enterOTPViewController.swift */; };
		F114EF071DABDB03009842B4 /* BlurPasswordLoginViewController.swift in Sources */ = {isa = PBXBuildFile; fileRef = F114EF051DABDB03009842B4 /* BlurPasswordLoginViewController.swift */; };
		F114EF081DABDB03009842B4 /* extension.swift in Sources */ = {isa = PBXBuildFile; fileRef = F114EF061DABDB03009842B4 /* extension.swift */; };
		F114EF0A1DABDB11009842B4 /* MyPasswordUIValidation.swift in Sources */ = {isa = PBXBuildFile; fileRef = F114EF091DABDB11009842B4 /* MyPasswordUIValidation.swift */; };
		F114EF1D1DAC0374009842B4 /* addIMEIViewController.swift in Sources */ = {isa = PBXBuildFile; fileRef = F114EF1C1DAC0374009842B4 /* addIMEIViewController.swift */; };
		F114EF271DADBB26009842B4 /* familyViewController.swift in Sources */ = {isa = PBXBuildFile; fileRef = F114EF261DADBB26009842B4 /* familyViewController.swift */; };
		F114EF291DADBBB7009842B4 /* friendViewController.swift in Sources */ = {isa = PBXBuildFile; fileRef = F114EF281DADBBB7009842B4 /* friendViewController.swift */; };
		F114EF2B1DADBC74009842B4 /* inClassModeViewController.swift in Sources */ = {isa = PBXBuildFile; fileRef = F114EF2A1DADBC74009842B4 /* inClassModeViewController.swift */; };
		F114EF2D1DADBCA4009842B4 /* PedometerViewController.swift in Sources */ = {isa = PBXBuildFile; fileRef = F114EF2C1DADBCA4009842B4 /* PedometerViewController.swift */; };
		F114EF2F1DADBCF6009842B4 /* takeMeHomeViewController.swift in Sources */ = {isa = PBXBuildFile; fileRef = F114EF2E1DADBCF6009842B4 /* takeMeHomeViewController.swift */; };
		F114EF311DADBD29009842B4 /* MosquitoViewController.swift in Sources */ = {isa = PBXBuildFile; fileRef = F114EF301DADBD29009842B4 /* MosquitoViewController.swift */; };
		F114EF331DADBD5E009842B4 /* BTSafetyAreaViewController.swift in Sources */ = {isa = PBXBuildFile; fileRef = F114EF321DADBD5E009842B4 /* BTSafetyAreaViewController.swift */; };
		F114EF351DADBD89009842B4 /* watchQRCodeViewController.swift in Sources */ = {isa = PBXBuildFile; fileRef = F114EF341DADBD89009842B4 /* watchQRCodeViewController.swift */; };
		F114EF371DADBDE2009842B4 /* settingsViewController.swift in Sources */ = {isa = PBXBuildFile; fileRef = F114EF361DADBDE2009842B4 /* settingsViewController.swift */; };
		F14B3EA51DA8F9CE00C5EBA2 /* BaseDataController.swift in Sources */ = {isa = PBXBuildFile; fileRef = F14B3EA41DA8F9CE00C5EBA2 /* BaseDataController.swift */; };
		F14B3EA71DA8FB1D00C5EBA2 /* SingletonProtocol.swift in Sources */ = {isa = PBXBuildFile; fileRef = F14B3EA61DA8FB1D00C5EBA2 /* SingletonProtocol.swift */; };
		F14B3EA91DA8FF2100C5EBA2 /* SingletonFactory.swift in Sources */ = {isa = PBXBuildFile; fileRef = F14B3EA81DA8FF2100C5EBA2 /* SingletonFactory.swift */; };
		F14B3EAC1DA90F3900C5EBA2 /* startViewController.swift in Sources */ = {isa = PBXBuildFile; fileRef = F14B3EAB1DA90F3900C5EBA2 /* startViewController.swift */; };
		F14B3EAE1DA90FBB00C5EBA2 /* MasterNavigationController.swift in Sources */ = {isa = PBXBuildFile; fileRef = F14B3EAD1DA90FBB00C5EBA2 /* MasterNavigationController.swift */; };
		F14B3EB21DA9115B00C5EBA2 /* LoginViewController.swift in Sources */ = {isa = PBXBuildFile; fileRef = F14B3EB11DA9115B00C5EBA2 /* LoginViewController.swift */; };
		F14B3EB51DA9123200C5EBA2 /* RegisterViewController.swift in Sources */ = {isa = PBXBuildFile; fileRef = F14B3EB41DA9123200C5EBA2 /* RegisterViewController.swift */; };
		F14B3EB71DA912B100C5EBA2 /* enterPasswordViewController.swift in Sources */ = {isa = PBXBuildFile; fileRef = F14B3EB61DA912B100C5EBA2 /* enterPasswordViewController.swift */; };
		F14B3EB91DA91DC700C5EBA2 /* addwatchViewController.swift in Sources */ = {isa = PBXBuildFile; fileRef = F14B3EB81DA91DC700C5EBA2 /* addwatchViewController.swift */; };
		F14B3EBB1DA9224200C5EBA2 /* secondAddWatchViewController.swift in Sources */ = {isa = PBXBuildFile; fileRef = F14B3EBA1DA9224200C5EBA2 /* secondAddWatchViewController.swift */; };
		F14B3EBD1DA9229200C5EBA2 /* KidWatchProfileViewController.swift in Sources */ = {isa = PBXBuildFile; fileRef = F14B3EBC1DA9229200C5EBA2 /* KidWatchProfileViewController.swift */; };
		F14B3EBF1DA9260100C5EBA2 /* locationViewController.swift in Sources */ = {isa = PBXBuildFile; fileRef = F14B3EBE1DA9260100C5EBA2 /* locationViewController.swift */; };
		F14B3EC41DA9279400C5EBA2 /* familyAdminViewController.swift in Sources */ = {isa = PBXBuildFile; fileRef = F14B3EC31DA9279400C5EBA2 /* familyAdminViewController.swift */; };
		F14B3EC61DA9293100C5EBA2 /* addFamilyAccountViewController.swift in Sources */ = {isa = PBXBuildFile; fileRef = F14B3EC51DA9293100C5EBA2 /* addFamilyAccountViewController.swift */; };
		F14B3ECA1DA9341300C5EBA2 /* safeZoneViewController.swift in Sources */ = {isa = PBXBuildFile; fileRef = F14B3EC91DA9341300C5EBA2 /* safeZoneViewController.swift */; };
		F14B3ECC1DA935BC00C5EBA2 /* historyViewController.swift in Sources */ = {isa = PBXBuildFile; fileRef = F14B3ECB1DA935BC00C5EBA2 /* historyViewController.swift */; };
		F14B3ECE1DA935EB00C5EBA2 /* addSafeZoneViewController.swift in Sources */ = {isa = PBXBuildFile; fileRef = F14B3ECD1DA935EB00C5EBA2 /* addSafeZoneViewController.swift */; };
		F14B3ED01DA9386600C5EBA2 /* GroupChatViewController.swift in Sources */ = {isa = PBXBuildFile; fileRef = F14B3ECF1DA9386600C5EBA2 /* GroupChatViewController.swift */; };
		F14B3ED41DA9454800C5EBA2 /* editFriendViewController.swift in Sources */ = {isa = PBXBuildFile; fileRef = F14B3ED31DA9454800C5EBA2 /* editFriendViewController.swift */; };
		F14B3ED61DA945CF00C5EBA2 /* choosePictureViewController.swift in Sources */ = {isa = PBXBuildFile; fileRef = F14B3ED51DA945CF00C5EBA2 /* choosePictureViewController.swift */; };
		F15B7A931DA8D67100A663D9 /* AppDelegate.swift in Sources */ = {isa = PBXBuildFile; fileRef = F15B7A921DA8D67100A663D9 /* AppDelegate.swift */; };
		F15B7A981DA8D67100A663D9 /* Main.storyboard in Resources */ = {isa = PBXBuildFile; fileRef = F15B7A961DA8D67100A663D9 /* Main.storyboard */; };
		F15B7A9B1DA8D67100A663D9 /* pomo.xcdatamodeld in Sources */ = {isa = PBXBuildFile; fileRef = F15B7A991DA8D67100A663D9 /* pomo.xcdatamodeld */; };
		F15B7A9D1DA8D67100A663D9 /* Assets.xcassets in Resources */ = {isa = PBXBuildFile; fileRef = F15B7A9C1DA8D67100A663D9 /* Assets.xcassets */; };
		F15B7AA01DA8D67100A663D9 /* LaunchScreen.storyboard in Resources */ = {isa = PBXBuildFile; fileRef = F15B7A9E1DA8D67100A663D9 /* LaunchScreen.storyboard */; };
		F15B7AAB1DA8D67100A663D9 /* pomoTests.swift in Sources */ = {isa = PBXBuildFile; fileRef = F15B7AAA1DA8D67100A663D9 /* pomoTests.swift */; };
		F15B7AB61DA8D67100A663D9 /* pomoUITests.swift in Sources */ = {isa = PBXBuildFile; fileRef = F15B7AB51DA8D67100A663D9 /* pomoUITests.swift */; };
/* End PBXBuildFile section */

/* Begin PBXContainerItemProxy section */
		F15B7AA71DA8D67100A663D9 /* PBXContainerItemProxy */ = {
			isa = PBXContainerItemProxy;
			containerPortal = F15B7A871DA8D67000A663D9 /* Project object */;
			proxyType = 1;
			remoteGlobalIDString = F15B7A8E1DA8D67100A663D9;
			remoteInfo = pomo;
		};
		F15B7AB21DA8D67100A663D9 /* PBXContainerItemProxy */ = {
			isa = PBXContainerItemProxy;
			containerPortal = F15B7A871DA8D67000A663D9 /* Project object */;
			proxyType = 1;
			remoteGlobalIDString = F15B7A8E1DA8D67100A663D9;
			remoteInfo = pomo;
		};
/* End PBXContainerItemProxy section */

/* Begin PBXFileReference section */
		11DE6B9A22581BDDB272102E /* Pods-pomo.release.xcconfig */ = {isa = PBXFileReference; includeInIndex = 1; lastKnownFileType = text.xcconfig; name = "Pods-pomo.release.xcconfig"; path = "Pods/Target Support Files/Pods-pomo/Pods-pomo.release.xcconfig"; sourceTree = "<group>"; };
		1D4B8AAD1DAEAA000056C8FC /* QRCodeReader.swift */ = {isa = PBXFileReference; fileEncoding = 4; lastKnownFileType = sourcecode.swift; path = QRCodeReader.swift; sourceTree = "<group>"; };
		1D4B8AAE1DAEAA000056C8FC /* QRCodeReaderResult.swift */ = {isa = PBXFileReference; fileEncoding = 4; lastKnownFileType = sourcecode.swift; path = QRCodeReaderResult.swift; sourceTree = "<group>"; };
		1D4B8AAF1DAEAA000056C8FC /* QRCodeReaderViewController.swift */ = {isa = PBXFileReference; fileEncoding = 4; lastKnownFileType = sourcecode.swift; path = QRCodeReaderViewController.swift; sourceTree = "<group>"; };
		1D4B8AB01DAEAA000056C8FC /* QRCodeReaderViewControllerBuilder.swift */ = {isa = PBXFileReference; fileEncoding = 4; lastKnownFileType = sourcecode.swift; path = QRCodeReaderViewControllerBuilder.swift; sourceTree = "<group>"; };
		1D4B8AB11DAEAA000056C8FC /* ReaderOverlayView.swift */ = {isa = PBXFileReference; fileEncoding = 4; lastKnownFileType = sourcecode.swift; path = ReaderOverlayView.swift; sourceTree = "<group>"; };
		1D4B8AB21DAEAA000056C8FC /* SwitchCameraButton.swift */ = {isa = PBXFileReference; fileEncoding = 4; lastKnownFileType = sourcecode.swift; path = SwitchCameraButton.swift; sourceTree = "<group>"; };
		1D4B8AB31DAEAA000056C8FC /* ToggleTorchButton.swift */ = {isa = PBXFileReference; fileEncoding = 4; lastKnownFileType = sourcecode.swift; path = ToggleTorchButton.swift; sourceTree = "<group>"; };
		1D9831791DAE6C0400755621 /* HomekubViewController.swift */ = {isa = PBXFileReference; fileEncoding = 4; lastKnownFileType = sourcecode.swift; path = HomekubViewController.swift; sourceTree = "<group>"; };
		1D9831A91DAE833200755621 /* DemoConversation.swift */ = {isa = PBXFileReference; fileEncoding = 4; lastKnownFileType = sourcecode.swift; path = DemoConversation.swift; sourceTree = "<group>"; };
		1D9831AA1DAE833200755621 /* ChatViewController.swift */ = {isa = PBXFileReference; fileEncoding = 4; lastKnownFileType = sourcecode.swift; path = ChatViewController.swift; sourceTree = "<group>"; };
		1D9831AB1DAE833200755621 /* Conversation.swift */ = {isa = PBXFileReference; fileEncoding = 4; lastKnownFileType = sourcecode.swift; path = Conversation.swift; sourceTree = "<group>"; };
		1D9831B11DAE83E700755621 /* InitalTableViewController.swift */ = {isa = PBXFileReference; fileEncoding = 4; lastKnownFileType = sourcecode.swift; path = InitalTableViewController.swift; sourceTree = "<group>"; };
		1D9831B21DAE83E700755621 /* SettingsTableViewController.swift */ = {isa = PBXFileReference; fileEncoding = 4; lastKnownFileType = sourcecode.swift; path = SettingsTableViewController.swift; sourceTree = "<group>"; };
		CD9885526D949FC9FDF4DAB6 /* Pods-pomo.debug.xcconfig */ = {isa = PBXFileReference; includeInIndex = 1; lastKnownFileType = text.xcconfig; name = "Pods-pomo.debug.xcconfig"; path = "Pods/Target Support Files/Pods-pomo/Pods-pomo.debug.xcconfig"; sourceTree = "<group>"; };
		F114EEF91DAA4CA9009842B4 /* ContentViewController.swift */ = {isa = PBXFileReference; fileEncoding = 4; lastKnownFileType = sourcecode.swift; path = ContentViewController.swift; sourceTree = "<group>"; };
		F114EEFB1DAA855E009842B4 /* loginNavigationController.swift */ = {isa = PBXFileReference; fileEncoding = 4; lastKnownFileType = sourcecode.swift; path = loginNavigationController.swift; sourceTree = "<group>"; };
		F114EEFF1DABCECD009842B4 /* loginEmailContoller.swift */ = {isa = PBXFileReference; fileEncoding = 4; lastKnownFileType = sourcecode.swift; path = loginEmailContoller.swift; sourceTree = "<group>"; };
		F114EF011DABD505009842B4 /* informationRegisterViewController.swift */ = {isa = PBXFileReference; fileEncoding = 4; lastKnownFileType = sourcecode.swift; path = informationRegisterViewController.swift; sourceTree = "<group>"; };
		F114EF031DABD7EF009842B4 /* enterOTPViewController.swift */ = {isa = PBXFileReference; fileEncoding = 4; lastKnownFileType = sourcecode.swift; path = enterOTPViewController.swift; sourceTree = "<group>"; };
		F114EF051DABDB03009842B4 /* BlurPasswordLoginViewController.swift */ = {isa = PBXFileReference; fileEncoding = 4; lastKnownFileType = sourcecode.swift; path = BlurPasswordLoginViewController.swift; sourceTree = "<group>"; };
		F114EF061DABDB03009842B4 /* extension.swift */ = {isa = PBXFileReference; fileEncoding = 4; lastKnownFileType = sourcecode.swift; path = extension.swift; sourceTree = "<group>"; };
		F114EF091DABDB11009842B4 /* MyPasswordUIValidation.swift */ = {isa = PBXFileReference; fileEncoding = 4; lastKnownFileType = sourcecode.swift; path = MyPasswordUIValidation.swift; sourceTree = "<group>"; };
		F114EF1C1DAC0374009842B4 /* addIMEIViewController.swift */ = {isa = PBXFileReference; fileEncoding = 4; lastKnownFileType = sourcecode.swift; path = addIMEIViewController.swift; sourceTree = "<group>"; };
		F114EF261DADBB26009842B4 /* familyViewController.swift */ = {isa = PBXFileReference; fileEncoding = 4; lastKnownFileType = sourcecode.swift; path = familyViewController.swift; sourceTree = "<group>"; };
		F114EF281DADBBB7009842B4 /* friendViewController.swift */ = {isa = PBXFileReference; fileEncoding = 4; lastKnownFileType = sourcecode.swift; path = friendViewController.swift; sourceTree = "<group>"; };
		F114EF2A1DADBC74009842B4 /* inClassModeViewController.swift */ = {isa = PBXFileReference; fileEncoding = 4; lastKnownFileType = sourcecode.swift; path = inClassModeViewController.swift; sourceTree = "<group>"; };
		F114EF2C1DADBCA4009842B4 /* PedometerViewController.swift */ = {isa = PBXFileReference; fileEncoding = 4; lastKnownFileType = sourcecode.swift; path = PedometerViewController.swift; sourceTree = "<group>"; };
		F114EF2E1DADBCF6009842B4 /* takeMeHomeViewController.swift */ = {isa = PBXFileReference; fileEncoding = 4; lastKnownFileType = sourcecode.swift; path = takeMeHomeViewController.swift; sourceTree = "<group>"; };
		F114EF301DADBD29009842B4 /* MosquitoViewController.swift */ = {isa = PBXFileReference; fileEncoding = 4; lastKnownFileType = sourcecode.swift; path = MosquitoViewController.swift; sourceTree = "<group>"; };
		F114EF321DADBD5E009842B4 /* BTSafetyAreaViewController.swift */ = {isa = PBXFileReference; fileEncoding = 4; lastKnownFileType = sourcecode.swift; path = BTSafetyAreaViewController.swift; sourceTree = "<group>"; };
		F114EF341DADBD89009842B4 /* watchQRCodeViewController.swift */ = {isa = PBXFileReference; fileEncoding = 4; lastKnownFileType = sourcecode.swift; path = watchQRCodeViewController.swift; sourceTree = "<group>"; };
		F114EF361DADBDE2009842B4 /* settingsViewController.swift */ = {isa = PBXFileReference; fileEncoding = 4; lastKnownFileType = sourcecode.swift; path = settingsViewController.swift; sourceTree = "<group>"; };
		F14B3EA31DA8F60D00C5EBA2 /* pomo-Bridging-Header.h */ = {isa = PBXFileReference; lastKnownFileType = sourcecode.c.h; path = "pomo-Bridging-Header.h"; sourceTree = "<group>"; };
		F14B3EA41DA8F9CE00C5EBA2 /* BaseDataController.swift */ = {isa = PBXFileReference; fileEncoding = 4; lastKnownFileType = sourcecode.swift; path = BaseDataController.swift; sourceTree = "<group>"; };
		F14B3EA61DA8FB1D00C5EBA2 /* SingletonProtocol.swift */ = {isa = PBXFileReference; fileEncoding = 4; lastKnownFileType = sourcecode.swift; path = SingletonProtocol.swift; sourceTree = "<group>"; };
		F14B3EA81DA8FF2100C5EBA2 /* SingletonFactory.swift */ = {isa = PBXFileReference; fileEncoding = 4; lastKnownFileType = sourcecode.swift; path = SingletonFactory.swift; sourceTree = "<group>"; };
		F14B3EAB1DA90F3900C5EBA2 /* startViewController.swift */ = {isa = PBXFileReference; fileEncoding = 4; lastKnownFileType = sourcecode.swift; path = startViewController.swift; sourceTree = "<group>"; };
		F14B3EAD1DA90FBB00C5EBA2 /* MasterNavigationController.swift */ = {isa = PBXFileReference; fileEncoding = 4; lastKnownFileType = sourcecode.swift; path = MasterNavigationController.swift; sourceTree = "<group>"; };
		F14B3EB11DA9115B00C5EBA2 /* LoginViewController.swift */ = {isa = PBXFileReference; fileEncoding = 4; lastKnownFileType = sourcecode.swift; path = LoginViewController.swift; sourceTree = "<group>"; };
		F14B3EB41DA9123200C5EBA2 /* RegisterViewController.swift */ = {isa = PBXFileReference; fileEncoding = 4; lastKnownFileType = sourcecode.swift; path = RegisterViewController.swift; sourceTree = "<group>"; };
		F14B3EB61DA912B100C5EBA2 /* enterPasswordViewController.swift */ = {isa = PBXFileReference; fileEncoding = 4; lastKnownFileType = sourcecode.swift; path = enterPasswordViewController.swift; sourceTree = "<group>"; };
		F14B3EB81DA91DC700C5EBA2 /* addwatchViewController.swift */ = {isa = PBXFileReference; fileEncoding = 4; lastKnownFileType = sourcecode.swift; path = addwatchViewController.swift; sourceTree = "<group>"; };
		F14B3EBA1DA9224200C5EBA2 /* secondAddWatchViewController.swift */ = {isa = PBXFileReference; fileEncoding = 4; lastKnownFileType = sourcecode.swift; path = secondAddWatchViewController.swift; sourceTree = "<group>"; };
		F14B3EBC1DA9229200C5EBA2 /* KidWatchProfileViewController.swift */ = {isa = PBXFileReference; fileEncoding = 4; lastKnownFileType = sourcecode.swift; path = KidWatchProfileViewController.swift; sourceTree = "<group>"; };
		F14B3EBE1DA9260100C5EBA2 /* locationViewController.swift */ = {isa = PBXFileReference; fileEncoding = 4; lastKnownFileType = sourcecode.swift; path = locationViewController.swift; sourceTree = "<group>"; };
		F14B3EC31DA9279400C5EBA2 /* familyAdminViewController.swift */ = {isa = PBXFileReference; fileEncoding = 4; lastKnownFileType = sourcecode.swift; path = familyAdminViewController.swift; sourceTree = "<group>"; };
		F14B3EC51DA9293100C5EBA2 /* addFamilyAccountViewController.swift */ = {isa = PBXFileReference; fileEncoding = 4; lastKnownFileType = sourcecode.swift; path = addFamilyAccountViewController.swift; sourceTree = "<group>"; };
		F14B3EC91DA9341300C5EBA2 /* safeZoneViewController.swift */ = {isa = PBXFileReference; fileEncoding = 4; lastKnownFileType = sourcecode.swift; path = safeZoneViewController.swift; sourceTree = "<group>"; };
		F14B3ECB1DA935BC00C5EBA2 /* historyViewController.swift */ = {isa = PBXFileReference; fileEncoding = 4; lastKnownFileType = sourcecode.swift; path = historyViewController.swift; sourceTree = "<group>"; };
		F14B3ECD1DA935EB00C5EBA2 /* addSafeZoneViewController.swift */ = {isa = PBXFileReference; fileEncoding = 4; lastKnownFileType = sourcecode.swift; path = addSafeZoneViewController.swift; sourceTree = "<group>"; };
		F14B3ECF1DA9386600C5EBA2 /* GroupChatViewController.swift */ = {isa = PBXFileReference; fileEncoding = 4; lastKnownFileType = sourcecode.swift; path = GroupChatViewController.swift; sourceTree = "<group>"; };
		F14B3ED31DA9454800C5EBA2 /* editFriendViewController.swift */ = {isa = PBXFileReference; fileEncoding = 4; lastKnownFileType = sourcecode.swift; path = editFriendViewController.swift; sourceTree = "<group>"; };
		F14B3ED51DA945CF00C5EBA2 /* choosePictureViewController.swift */ = {isa = PBXFileReference; fileEncoding = 4; lastKnownFileType = sourcecode.swift; path = choosePictureViewController.swift; sourceTree = "<group>"; };
		F15B7A8F1DA8D67100A663D9 /* pomo.app */ = {isa = PBXFileReference; explicitFileType = wrapper.application; includeInIndex = 0; path = pomo.app; sourceTree = BUILT_PRODUCTS_DIR; };
		F15B7A921DA8D67100A663D9 /* AppDelegate.swift */ = {isa = PBXFileReference; lastKnownFileType = sourcecode.swift; path = AppDelegate.swift; sourceTree = "<group>"; };
		F15B7A971DA8D67100A663D9 /* Base */ = {isa = PBXFileReference; lastKnownFileType = file.storyboard; name = Base; path = Base.lproj/Main.storyboard; sourceTree = "<group>"; };
		F15B7A9A1DA8D67100A663D9 /* pomo.xcdatamodel */ = {isa = PBXFileReference; lastKnownFileType = wrapper.xcdatamodel; path = pomo.xcdatamodel; sourceTree = "<group>"; };
		F15B7A9C1DA8D67100A663D9 /* Assets.xcassets */ = {isa = PBXFileReference; lastKnownFileType = folder.assetcatalog; path = Assets.xcassets; sourceTree = "<group>"; };
		F15B7A9F1DA8D67100A663D9 /* Base */ = {isa = PBXFileReference; lastKnownFileType = file.storyboard; name = Base; path = Base.lproj/LaunchScreen.storyboard; sourceTree = "<group>"; };
		F15B7AA11DA8D67100A663D9 /* Info.plist */ = {isa = PBXFileReference; lastKnownFileType = text.plist.xml; path = Info.plist; sourceTree = "<group>"; };
		F15B7AA61DA8D67100A663D9 /* pomoTests.xctest */ = {isa = PBXFileReference; explicitFileType = wrapper.cfbundle; includeInIndex = 0; path = pomoTests.xctest; sourceTree = BUILT_PRODUCTS_DIR; };
		F15B7AAA1DA8D67100A663D9 /* pomoTests.swift */ = {isa = PBXFileReference; lastKnownFileType = sourcecode.swift; path = pomoTests.swift; sourceTree = "<group>"; };
		F15B7AAC1DA8D67100A663D9 /* Info.plist */ = {isa = PBXFileReference; lastKnownFileType = text.plist.xml; path = Info.plist; sourceTree = "<group>"; };
		F15B7AB11DA8D67100A663D9 /* pomoUITests.xctest */ = {isa = PBXFileReference; explicitFileType = wrapper.cfbundle; includeInIndex = 0; path = pomoUITests.xctest; sourceTree = BUILT_PRODUCTS_DIR; };
		F15B7AB51DA8D67100A663D9 /* pomoUITests.swift */ = {isa = PBXFileReference; lastKnownFileType = sourcecode.swift; path = pomoUITests.swift; sourceTree = "<group>"; };
		F15B7AB71DA8D67100A663D9 /* Info.plist */ = {isa = PBXFileReference; lastKnownFileType = text.plist.xml; path = Info.plist; sourceTree = "<group>"; };
		FC8BD7AE423967DBAD5ED3CD /* Pods_pomo.framework */ = {isa = PBXFileReference; explicitFileType = wrapper.framework; includeInIndex = 0; path = Pods_pomo.framework; sourceTree = BUILT_PRODUCTS_DIR; };
/* End PBXFileReference section */

/* Begin PBXFrameworksBuildPhase section */
		F15B7A8C1DA8D67100A663D9 /* Frameworks */ = {
			isa = PBXFrameworksBuildPhase;
			buildActionMask = 2147483647;
			files = (
				2D159F68E8CD298E103735A5 /* Pods_pomo.framework in Frameworks */,
			);
			runOnlyForDeploymentPostprocessing = 0;
		};
		F15B7AA31DA8D67100A663D9 /* Frameworks */ = {
			isa = PBXFrameworksBuildPhase;
			buildActionMask = 2147483647;
			files = (
			);
			runOnlyForDeploymentPostprocessing = 0;
		};
		F15B7AAE1DA8D67100A663D9 /* Frameworks */ = {
			isa = PBXFrameworksBuildPhase;
			buildActionMask = 2147483647;
			files = (
			);
			runOnlyForDeploymentPostprocessing = 0;
		};
/* End PBXFrameworksBuildPhase section */

/* Begin PBXGroup section */
		15FB4EAA36654000E1DB372A /* Pods */ = {
			isa = PBXGroup;
			children = (
				CD9885526D949FC9FDF4DAB6 /* Pods-pomo.debug.xcconfig */,
				11DE6B9A22581BDDB272102E /* Pods-pomo.release.xcconfig */,
			);
			name = Pods;
			sourceTree = "<group>";
		};
		186C26829FBC008FE81A0612 /* Frameworks */ = {
			isa = PBXGroup;
			children = (
				FC8BD7AE423967DBAD5ED3CD /* Pods_pomo.framework */,
			);
			name = Frameworks;
			sourceTree = "<group>";
		};
		1D4B8ABB1DAEAA080056C8FC /* qrcode */ = {
			isa = PBXGroup;
			children = (
				1D4B8AAD1DAEAA000056C8FC /* QRCodeReader.swift */,
				1D4B8AAE1DAEAA000056C8FC /* QRCodeReaderResult.swift */,
				1D4B8AAF1DAEAA000056C8FC /* QRCodeReaderViewController.swift */,
				1D4B8AB01DAEAA000056C8FC /* QRCodeReaderViewControllerBuilder.swift */,
				1D4B8AB11DAEAA000056C8FC /* ReaderOverlayView.swift */,
				1D4B8AB21DAEAA000056C8FC /* SwitchCameraButton.swift */,
				1D4B8AB31DAEAA000056C8FC /* ToggleTorchButton.swift */,
			);
			name = qrcode;
			sourceTree = "<group>";
		};
		1D9831B01DAE833F00755621 /* chat */ = {
			isa = PBXGroup;
			children = (
				1D9831A91DAE833200755621 /* DemoConversation.swift */,
				1D9831AA1DAE833200755621 /* ChatViewController.swift */,
				1D9831AB1DAE833200755621 /* Conversation.swift */,
				1D9831B11DAE83E700755621 /* InitalTableViewController.swift */,
				1D9831B21DAE83E700755621 /* SettingsTableViewController.swift */,
			);
			name = chat;
			sourceTree = "<group>";
		};
		F114EF0B1DABDB17009842B4 /* otpExtension */ = {
			isa = PBXGroup;
			children = (
				F114EF051DABDB03009842B4 /* BlurPasswordLoginViewController.swift */,
				F114EF091DABDB11009842B4 /* MyPasswordUIValidation.swift */,
				F114EF061DABDB03009842B4 /* extension.swift */,
			);
			name = otpExtension;
			sourceTree = "<group>";
		};
		F14B3EAA1DA903C200C5EBA2 /* BaseClasses */ = {
			isa = PBXGroup;
			children = (
				F14B3EA41DA8F9CE00C5EBA2 /* BaseDataController.swift */,
				F14B3EA81DA8FF2100C5EBA2 /* SingletonFactory.swift */,
				F14B3EA61DA8FB1D00C5EBA2 /* SingletonProtocol.swift */,
			);
			name = BaseClasses;
			sourceTree = "<group>";
		};
		F14B3EB31DA9116500C5EBA2 /* loginClasses */ = {
			isa = PBXGroup;
			children = (
				F14B3EB11DA9115B00C5EBA2 /* LoginViewController.swift */,
				F114EEFF1DABCECD009842B4 /* loginEmailContoller.swift */,
				F114EEFB1DAA855E009842B4 /* loginNavigationController.swift */,
				F14B3EB41DA9123200C5EBA2 /* RegisterViewController.swift */,
				F114EF011DABD505009842B4 /* informationRegisterViewController.swift */,
				F114EF031DABD7EF009842B4 /* enterOTPViewController.swift */,
				F114EF0B1DABDB17009842B4 /* otpExtension */,
				F14B3EB61DA912B100C5EBA2 /* enterPasswordViewController.swift */,
				F14B3EB81DA91DC700C5EBA2 /* addwatchViewController.swift */,
				F14B3EBA1DA9224200C5EBA2 /* secondAddWatchViewController.swift */,
				1D4B8ABB1DAEAA080056C8FC /* qrcode */,
				F114EF1C1DAC0374009842B4 /* addIMEIViewController.swift */,
				F14B3EBC1DA9229200C5EBA2 /* KidWatchProfileViewController.swift */,
			);
			name = loginClasses;
			sourceTree = "<group>";
		};
		F14B3EC01DA9260800C5EBA2 /* HomeClasses */ = {
			isa = PBXGroup;
			children = (
				1D9831791DAE6C0400755621 /* HomekubViewController.swift */,
				F14B3EBE1DA9260100C5EBA2 /* locationViewController.swift */,
				F114EF261DADBB26009842B4 /* familyViewController.swift */,
				F14B3EC31DA9279400C5EBA2 /* familyAdminViewController.swift */,
				F14B3EC51DA9293100C5EBA2 /* addFamilyAccountViewController.swift */,
				F14B3EC91DA9341300C5EBA2 /* safeZoneViewController.swift */,
				1D9831B01DAE833F00755621 /* chat */,
				F14B3ECD1DA935EB00C5EBA2 /* addSafeZoneViewController.swift */,
				F14B3ECB1DA935BC00C5EBA2 /* historyViewController.swift */,
				F14B3ECF1DA9386600C5EBA2 /* GroupChatViewController.swift */,
				F114EF281DADBBB7009842B4 /* friendViewController.swift */,
				F14B3ED31DA9454800C5EBA2 /* editFriendViewController.swift */,
				F14B3ED51DA945CF00C5EBA2 /* choosePictureViewController.swift */,
				F114EF2A1DADBC74009842B4 /* inClassModeViewController.swift */,
				F114EF2C1DADBCA4009842B4 /* PedometerViewController.swift */,
				F114EF2E1DADBCF6009842B4 /* takeMeHomeViewController.swift */,
				F114EF301DADBD29009842B4 /* MosquitoViewController.swift */,
				F114EF321DADBD5E009842B4 /* BTSafetyAreaViewController.swift */,
				F114EF341DADBD89009842B4 /* watchQRCodeViewController.swift */,
				F114EF361DADBDE2009842B4 /* settingsViewController.swift */,
			);
			name = HomeClasses;
			sourceTree = "<group>";
		};
		F15B7A861DA8D67000A663D9 = {
			isa = PBXGroup;
			children = (
				F15B7A911DA8D67100A663D9 /* pomo */,
				F15B7AA91DA8D67100A663D9 /* pomoTests */,
				F15B7AB41DA8D67100A663D9 /* pomoUITests */,
				F15B7A901DA8D67100A663D9 /* Products */,
				15FB4EAA36654000E1DB372A /* Pods */,
				186C26829FBC008FE81A0612 /* Frameworks */,
			);
			sourceTree = "<group>";
		};
		F15B7A901DA8D67100A663D9 /* Products */ = {
			isa = PBXGroup;
			children = (
				F15B7A8F1DA8D67100A663D9 /* pomo.app */,
				F15B7AA61DA8D67100A663D9 /* pomoTests.xctest */,
				F15B7AB11DA8D67100A663D9 /* pomoUITests.xctest */,
			);
			name = Products;
			sourceTree = "<group>";
		};
		F15B7A911DA8D67100A663D9 /* pomo */ = {
			isa = PBXGroup;
			children = (
				F15B7A921DA8D67100A663D9 /* AppDelegate.swift */,
				F15B7A961DA8D67100A663D9 /* Main.storyboard */,
				F14B3EB31DA9116500C5EBA2 /* loginClasses */,
				F14B3EAA1DA903C200C5EBA2 /* BaseClasses */,
				F14B3EC01DA9260800C5EBA2 /* HomeClasses */,
				F14B3EAB1DA90F3900C5EBA2 /* startViewController.swift */,
				F114EEF91DAA4CA9009842B4 /* ContentViewController.swift */,
				F14B3EAD1DA90FBB00C5EBA2 /* MasterNavigationController.swift */,
				F15B7A9E1DA8D67100A663D9 /* LaunchScreen.storyboard */,
				F15B7A9C1DA8D67100A663D9 /* Assets.xcassets */,
				F15B7AA11DA8D67100A663D9 /* Info.plist */,
				F15B7A991DA8D67100A663D9 /* pomo.xcdatamodeld */,
				F14B3EA31DA8F60D00C5EBA2 /* pomo-Bridging-Header.h */,
			);
			path = pomo;
			sourceTree = "<group>";
		};
		F15B7AA91DA8D67100A663D9 /* pomoTests */ = {
			isa = PBXGroup;
			children = (
				F15B7AAA1DA8D67100A663D9 /* pomoTests.swift */,
				F15B7AAC1DA8D67100A663D9 /* Info.plist */,
			);
			path = pomoTests;
			sourceTree = "<group>";
		};
		F15B7AB41DA8D67100A663D9 /* pomoUITests */ = {
			isa = PBXGroup;
			children = (
				F15B7AB51DA8D67100A663D9 /* pomoUITests.swift */,
				F15B7AB71DA8D67100A663D9 /* Info.plist */,
			);
			path = pomoUITests;
			sourceTree = "<group>";
		};
/* End PBXGroup section */

/* Begin PBXNativeTarget section */
		F15B7A8E1DA8D67100A663D9 /* pomo */ = {
			isa = PBXNativeTarget;
			buildConfigurationList = F15B7ABA1DA8D67100A663D9 /* Build configuration list for PBXNativeTarget "pomo" */;
			buildPhases = (
				D6823DC43A336406B8F27341 /* [CP] Check Pods Manifest.lock */,
				F15B7A8B1DA8D67100A663D9 /* Sources */,
				F15B7A8C1DA8D67100A663D9 /* Frameworks */,
				F15B7A8D1DA8D67100A663D9 /* Resources */,
				D9FB78E069CCE747BB0969B3 /* [CP] Embed Pods Frameworks */,
				56C36AE873C1B986B0F2A93A /* [CP] Copy Pods Resources */,
			);
			buildRules = (
			);
			dependencies = (
			);
			name = pomo;
			productName = pomo;
			productReference = F15B7A8F1DA8D67100A663D9 /* pomo.app */;
			productType = "com.apple.product-type.application";
		};
		F15B7AA51DA8D67100A663D9 /* pomoTests */ = {
			isa = PBXNativeTarget;
			buildConfigurationList = F15B7ABD1DA8D67100A663D9 /* Build configuration list for PBXNativeTarget "pomoTests" */;
			buildPhases = (
				F15B7AA21DA8D67100A663D9 /* Sources */,
				F15B7AA31DA8D67100A663D9 /* Frameworks */,
				F15B7AA41DA8D67100A663D9 /* Resources */,
			);
			buildRules = (
			);
			dependencies = (
				F15B7AA81DA8D67100A663D9 /* PBXTargetDependency */,
			);
			name = pomoTests;
			productName = pomoTests;
			productReference = F15B7AA61DA8D67100A663D9 /* pomoTests.xctest */;
			productType = "com.apple.product-type.bundle.unit-test";
		};
		F15B7AB01DA8D67100A663D9 /* pomoUITests */ = {
			isa = PBXNativeTarget;
			buildConfigurationList = F15B7AC01DA8D67100A663D9 /* Build configuration list for PBXNativeTarget "pomoUITests" */;
			buildPhases = (
				F15B7AAD1DA8D67100A663D9 /* Sources */,
				F15B7AAE1DA8D67100A663D9 /* Frameworks */,
				F15B7AAF1DA8D67100A663D9 /* Resources */,
			);
			buildRules = (
			);
			dependencies = (
				F15B7AB31DA8D67100A663D9 /* PBXTargetDependency */,
			);
			name = pomoUITests;
			productName = pomoUITests;
			productReference = F15B7AB11DA8D67100A663D9 /* pomoUITests.xctest */;
			productType = "com.apple.product-type.bundle.ui-testing";
		};
/* End PBXNativeTarget section */

/* Begin PBXProject section */
		F15B7A871DA8D67000A663D9 /* Project object */ = {
			isa = PBXProject;
			attributes = {
				LastSwiftMigration = 0730;
				LastSwiftUpdateCheck = 0730;
				LastUpgradeCheck = 0800;
				ORGANIZATIONNAME = "Kittipol Munkatitum";
				TargetAttributes = {
					F15B7A8E1DA8D67100A663D9 = {
						CreatedOnToolsVersion = 7.3;
						DevelopmentTeam = W767ECJ8B4;
						LastSwiftMigration = 0800;
					};
					F15B7AA51DA8D67100A663D9 = {
						CreatedOnToolsVersion = 7.3;
						LastSwiftMigration = 0800;
						TestTargetID = F15B7A8E1DA8D67100A663D9;
					};
					F15B7AB01DA8D67100A663D9 = {
						CreatedOnToolsVersion = 7.3;
						LastSwiftMigration = 0800;
						TestTargetID = F15B7A8E1DA8D67100A663D9;
					};
				};
			};
			buildConfigurationList = F15B7A8A1DA8D67000A663D9 /* Build configuration list for PBXProject "pomo" */;
			compatibilityVersion = "Xcode 3.2";
			developmentRegion = English;
			hasScannedForEncodings = 0;
			knownRegions = (
				en,
				Base,
			);
			mainGroup = F15B7A861DA8D67000A663D9;
			productRefGroup = F15B7A901DA8D67100A663D9 /* Products */;
			projectDirPath = "";
			projectRoot = "";
			targets = (
				F15B7A8E1DA8D67100A663D9 /* pomo */,
				F15B7AA51DA8D67100A663D9 /* pomoTests */,
				F15B7AB01DA8D67100A663D9 /* pomoUITests */,
			);
		};
/* End PBXProject section */

/* Begin PBXResourcesBuildPhase section */
		F15B7A8D1DA8D67100A663D9 /* Resources */ = {
			isa = PBXResourcesBuildPhase;
			buildActionMask = 2147483647;
			files = (
				F15B7AA01DA8D67100A663D9 /* LaunchScreen.storyboard in Resources */,
				F15B7A9D1DA8D67100A663D9 /* Assets.xcassets in Resources */,
				F15B7A981DA8D67100A663D9 /* Main.storyboard in Resources */,
			);
			runOnlyForDeploymentPostprocessing = 0;
		};
		F15B7AA41DA8D67100A663D9 /* Resources */ = {
			isa = PBXResourcesBuildPhase;
			buildActionMask = 2147483647;
			files = (
			);
			runOnlyForDeploymentPostprocessing = 0;
		};
		F15B7AAF1DA8D67100A663D9 /* Resources */ = {
			isa = PBXResourcesBuildPhase;
			buildActionMask = 2147483647;
			files = (
			);
			runOnlyForDeploymentPostprocessing = 0;
		};
/* End PBXResourcesBuildPhase section */

/* Begin PBXShellScriptBuildPhase section */
		56C36AE873C1B986B0F2A93A /* [CP] Copy Pods Resources */ = {
			isa = PBXShellScriptBuildPhase;
			buildActionMask = 2147483647;
			files = (
			);
			inputPaths = (
			);
			name = "[CP] Copy Pods Resources";
			outputPaths = (
			);
			runOnlyForDeploymentPostprocessing = 0;
			shellPath = /bin/sh;
			shellScript = "\"${SRCROOT}/Pods/Target Support Files/Pods-pomo/Pods-pomo-resources.sh\"\n";
			showEnvVarsInLog = 0;
		};
		D6823DC43A336406B8F27341 /* [CP] Check Pods Manifest.lock */ = {
			isa = PBXShellScriptBuildPhase;
			buildActionMask = 2147483647;
			files = (
			);
			inputPaths = (
			);
			name = "[CP] Check Pods Manifest.lock";
			outputPaths = (
			);
			runOnlyForDeploymentPostprocessing = 0;
			shellPath = /bin/sh;
			shellScript = "diff \"${PODS_ROOT}/../Podfile.lock\" \"${PODS_ROOT}/Manifest.lock\" > /dev/null\nif [[ $? != 0 ]] ; then\n    cat << EOM\nerror: The sandbox is not in sync with the Podfile.lock. Run 'pod install' or update your CocoaPods installation.\nEOM\n    exit 1\nfi\n";
			showEnvVarsInLog = 0;
		};
		D9FB78E069CCE747BB0969B3 /* [CP] Embed Pods Frameworks */ = {
			isa = PBXShellScriptBuildPhase;
			buildActionMask = 2147483647;
			files = (
			);
			inputPaths = (
			);
			name = "[CP] Embed Pods Frameworks";
			outputPaths = (
			);
			runOnlyForDeploymentPostprocessing = 0;
			shellPath = /bin/sh;
			shellScript = "\"${SRCROOT}/Pods/Target Support Files/Pods-pomo/Pods-pomo-frameworks.sh\"\n";
			showEnvVarsInLog = 0;
		};
/* End PBXShellScriptBuildPhase section */

/* Begin PBXSourcesBuildPhase section */
		F15B7A8B1DA8D67100A663D9 /* Sources */ = {
			isa = PBXSourcesBuildPhase;
			buildActionMask = 2147483647;
			files = (
				F14B3EBB1DA9224200C5EBA2 /* secondAddWatchViewController.swift in Sources */,
				F14B3EBD1DA9229200C5EBA2 /* KidWatchProfileViewController.swift in Sources */,
				F114EF311DADBD29009842B4 /* MosquitoViewController.swift in Sources */,
				1D4B8AB51DAEAA000056C8FC /* QRCodeReaderResult.swift in Sources */,
				F14B3ECA1DA9341300C5EBA2 /* safeZoneViewController.swift in Sources */,
				F114EEFC1DAA855E009842B4 /* loginNavigationController.swift in Sources */,
				F14B3EB51DA9123200C5EBA2 /* RegisterViewController.swift in Sources */,
				1D9831B31DAE83E700755621 /* InitalTableViewController.swift in Sources */,
				F14B3EA51DA8F9CE00C5EBA2 /* BaseDataController.swift in Sources */,
				F114EF081DABDB03009842B4 /* extension.swift in Sources */,
				F114EF1D1DAC0374009842B4 /* addIMEIViewController.swift in Sources */,
				F114EF331DADBD5E009842B4 /* BTSafetyAreaViewController.swift in Sources */,
				F114EF0A1DABDB11009842B4 /* MyPasswordUIValidation.swift in Sources */,
				1D98317A1DAE6C0400755621 /* HomekubViewController.swift in Sources */,
				F14B3EC41DA9279400C5EBA2 /* familyAdminViewController.swift in Sources */,
				F14B3EAC1DA90F3900C5EBA2 /* startViewController.swift in Sources */,
				F114EF021DABD505009842B4 /* informationRegisterViewController.swift in Sources */,
				F15B7A9B1DA8D67100A663D9 /* pomo.xcdatamodeld in Sources */,
				1D9831AE1DAE833200755621 /* Conversation.swift in Sources */,
				1D4B8AB41DAEAA000056C8FC /* QRCodeReader.swift in Sources */,
				F114EF041DABD7EF009842B4 /* enterOTPViewController.swift in Sources */,
				1D4B8AB81DAEAA000056C8FC /* ReaderOverlayView.swift in Sources */,
				F114EF071DABDB03009842B4 /* BlurPasswordLoginViewController.swift in Sources */,
				1D4B8ABA1DAEAA000056C8FC /* ToggleTorchButton.swift in Sources */,
				F114EF2D1DADBCA4009842B4 /* PedometerViewController.swift in Sources */,
				F14B3ED01DA9386600C5EBA2 /* GroupChatViewController.swift in Sources */,
				F14B3EB71DA912B100C5EBA2 /* enterPasswordViewController.swift in Sources */,
				F114EF271DADBB26009842B4 /* familyViewController.swift in Sources */,
				F14B3EA71DA8FB1D00C5EBA2 /* SingletonProtocol.swift in Sources */,
				F14B3ED41DA9454800C5EBA2 /* editFriendViewController.swift in Sources */,
				F14B3EB91DA91DC700C5EBA2 /* addwatchViewController.swift in Sources */,
				F114EEFA1DAA4CA9009842B4 /* ContentViewController.swift in Sources */,
				F14B3EB21DA9115B00C5EBA2 /* LoginViewController.swift in Sources */,
				F114EF001DABCECD009842B4 /* loginEmailContoller.swift in Sources */,
				F114EF351DADBD89009842B4 /* watchQRCodeViewController.swift in Sources */,
				F14B3EAE1DA90FBB00C5EBA2 /* MasterNavigationController.swift in Sources */,
				F114EF2B1DADBC74009842B4 /* inClassModeViewController.swift in Sources */,
				F14B3ED61DA945CF00C5EBA2 /* choosePictureViewController.swift in Sources */,
				F114EF2F1DADBCF6009842B4 /* takeMeHomeViewController.swift in Sources */,
				F14B3EC61DA9293100C5EBA2 /* addFamilyAccountViewController.swift in Sources */,
				F14B3ECE1DA935EB00C5EBA2 /* addSafeZoneViewController.swift in Sources */,
				F114EF291DADBBB7009842B4 /* friendViewController.swift in Sources */,
				F14B3EBF1DA9260100C5EBA2 /* locationViewController.swift in Sources */,
				1D4B8AB91DAEAA000056C8FC /* SwitchCameraButton.swift in Sources */,
				1D4B8AB71DAEAA000056C8FC /* QRCodeReaderViewControllerBuilder.swift in Sources */,
				F14B3EA91DA8FF2100C5EBA2 /* SingletonFactory.swift in Sources */,
				F15B7A931DA8D67100A663D9 /* AppDelegate.swift in Sources */,
				1D9831AD1DAE833200755621 /* ChatViewController.swift in Sources */,
				1D9831AC1DAE833200755621 /* DemoConversation.swift in Sources */,
				1D4B8AB61DAEAA000056C8FC /* QRCodeReaderViewController.swift in Sources */,
				F14B3ECC1DA935BC00C5EBA2 /* historyViewController.swift in Sources */,
				1D9831B41DAE83E700755621 /* SettingsTableViewController.swift in Sources */,
				F114EF371DADBDE2009842B4 /* settingsViewController.swift in Sources */,
			);
			runOnlyForDeploymentPostprocessing = 0;
		};
		F15B7AA21DA8D67100A663D9 /* Sources */ = {
			isa = PBXSourcesBuildPhase;
			buildActionMask = 2147483647;
			files = (
				F15B7AAB1DA8D67100A663D9 /* pomoTests.swift in Sources */,
			);
			runOnlyForDeploymentPostprocessing = 0;
		};
		F15B7AAD1DA8D67100A663D9 /* Sources */ = {
			isa = PBXSourcesBuildPhase;
			buildActionMask = 2147483647;
			files = (
				F15B7AB61DA8D67100A663D9 /* pomoUITests.swift in Sources */,
			);
			runOnlyForDeploymentPostprocessing = 0;
		};
/* End PBXSourcesBuildPhase section */

/* Begin PBXTargetDependency section */
		F15B7AA81DA8D67100A663D9 /* PBXTargetDependency */ = {
			isa = PBXTargetDependency;
			target = F15B7A8E1DA8D67100A663D9 /* pomo */;
			targetProxy = F15B7AA71DA8D67100A663D9 /* PBXContainerItemProxy */;
		};
		F15B7AB31DA8D67100A663D9 /* PBXTargetDependency */ = {
			isa = PBXTargetDependency;
			target = F15B7A8E1DA8D67100A663D9 /* pomo */;
			targetProxy = F15B7AB21DA8D67100A663D9 /* PBXContainerItemProxy */;
		};
/* End PBXTargetDependency section */

/* Begin PBXVariantGroup section */
		F15B7A961DA8D67100A663D9 /* Main.storyboard */ = {
			isa = PBXVariantGroup;
			children = (
				F15B7A971DA8D67100A663D9 /* Base */,
			);
			name = Main.storyboard;
			sourceTree = "<group>";
		};
		F15B7A9E1DA8D67100A663D9 /* LaunchScreen.storyboard */ = {
			isa = PBXVariantGroup;
			children = (
				F15B7A9F1DA8D67100A663D9 /* Base */,
			);
			name = LaunchScreen.storyboard;
			sourceTree = "<group>";
		};
/* End PBXVariantGroup section */

/* Begin XCBuildConfiguration section */
		F15B7AB81DA8D67100A663D9 /* Debug */ = {
			isa = XCBuildConfiguration;
			buildSettings = {
				ALWAYS_SEARCH_USER_PATHS = NO;
				CLANG_ANALYZER_NONNULL = YES;
				CLANG_CXX_LANGUAGE_STANDARD = "gnu++0x";
				CLANG_CXX_LIBRARY = "libc++";
				CLANG_ENABLE_MODULES = YES;
				CLANG_ENABLE_OBJC_ARC = YES;
				CLANG_WARN_BOOL_CONVERSION = YES;
				CLANG_WARN_CONSTANT_CONVERSION = YES;
				CLANG_WARN_DIRECT_OBJC_ISA_USAGE = YES_ERROR;
				CLANG_WARN_EMPTY_BODY = YES;
				CLANG_WARN_ENUM_CONVERSION = YES;
				CLANG_WARN_INFINITE_RECURSION = YES;
				CLANG_WARN_INT_CONVERSION = YES;
				CLANG_WARN_OBJC_ROOT_CLASS = YES_ERROR;
				CLANG_WARN_SUSPICIOUS_MOVE = YES;
				CLANG_WARN_UNREACHABLE_CODE = YES;
				CLANG_WARN__DUPLICATE_METHOD_MATCH = YES;
				"CODE_SIGN_IDENTITY[sdk=iphoneos*]" = "iPhone Developer";
				COPY_PHASE_STRIP = NO;
				DEBUG_INFORMATION_FORMAT = dwarf;
				ENABLE_STRICT_OBJC_MSGSEND = YES;
				ENABLE_TESTABILITY = YES;
				GCC_C_LANGUAGE_STANDARD = gnu99;
				GCC_DYNAMIC_NO_PIC = NO;
				GCC_NO_COMMON_BLOCKS = YES;
				GCC_OPTIMIZATION_LEVEL = 0;
				GCC_PREPROCESSOR_DEFINITIONS = (
					"DEBUG=1",
					"$(inherited)",
				);
				GCC_WARN_64_TO_32_BIT_CONVERSION = YES;
				GCC_WARN_ABOUT_RETURN_TYPE = YES_ERROR;
				GCC_WARN_UNDECLARED_SELECTOR = YES;
				GCC_WARN_UNINITIALIZED_AUTOS = YES_AGGRESSIVE;
				GCC_WARN_UNUSED_FUNCTION = YES;
				GCC_WARN_UNUSED_VARIABLE = YES;
				IPHONEOS_DEPLOYMENT_TARGET = 9.3;
				MTL_ENABLE_DEBUG_INFO = YES;
				ONLY_ACTIVE_ARCH = YES;
				SDKROOT = iphoneos;
				SWIFT_OPTIMIZATION_LEVEL = "-Onone";
				TARGETED_DEVICE_FAMILY = "1,2";
			};
			name = Debug;
		};
		F15B7AB91DA8D67100A663D9 /* Release */ = {
			isa = XCBuildConfiguration;
			buildSettings = {
				ALWAYS_SEARCH_USER_PATHS = NO;
				CLANG_ANALYZER_NONNULL = YES;
				CLANG_CXX_LANGUAGE_STANDARD = "gnu++0x";
				CLANG_CXX_LIBRARY = "libc++";
				CLANG_ENABLE_MODULES = YES;
				CLANG_ENABLE_OBJC_ARC = YES;
				CLANG_WARN_BOOL_CONVERSION = YES;
				CLANG_WARN_CONSTANT_CONVERSION = YES;
				CLANG_WARN_DIRECT_OBJC_ISA_USAGE = YES_ERROR;
				CLANG_WARN_EMPTY_BODY = YES;
				CLANG_WARN_ENUM_CONVERSION = YES;
				CLANG_WARN_INFINITE_RECURSION = YES;
				CLANG_WARN_INT_CONVERSION = YES;
				CLANG_WARN_OBJC_ROOT_CLASS = YES_ERROR;
				CLANG_WARN_SUSPICIOUS_MOVE = YES;
				CLANG_WARN_UNREACHABLE_CODE = YES;
				CLANG_WARN__DUPLICATE_METHOD_MATCH = YES;
				"CODE_SIGN_IDENTITY[sdk=iphoneos*]" = "iPhone Developer";
				COPY_PHASE_STRIP = NO;
				DEBUG_INFORMATION_FORMAT = "dwarf-with-dsym";
				ENABLE_NS_ASSERTIONS = NO;
				ENABLE_STRICT_OBJC_MSGSEND = YES;
				GCC_C_LANGUAGE_STANDARD = gnu99;
				GCC_NO_COMMON_BLOCKS = YES;
				GCC_WARN_64_TO_32_BIT_CONVERSION = YES;
				GCC_WARN_ABOUT_RETURN_TYPE = YES_ERROR;
				GCC_WARN_UNDECLARED_SELECTOR = YES;
				GCC_WARN_UNINITIALIZED_AUTOS = YES_AGGRESSIVE;
				GCC_WARN_UNUSED_FUNCTION = YES;
				GCC_WARN_UNUSED_VARIABLE = YES;
				IPHONEOS_DEPLOYMENT_TARGET = 9.3;
				MTL_ENABLE_DEBUG_INFO = NO;
				SDKROOT = iphoneos;
				SWIFT_OPTIMIZATION_LEVEL = "-Owholemodule";
				TARGETED_DEVICE_FAMILY = "1,2";
				VALIDATE_PRODUCT = YES;
			};
			name = Release;
		};
		F15B7ABB1DA8D67100A663D9 /* Debug */ = {
			isa = XCBuildConfiguration;
			baseConfigurationReference = CD9885526D949FC9FDF4DAB6 /* Pods-pomo.debug.xcconfig */;
			buildSettings = {
				ALWAYS_EMBED_SWIFT_STANDARD_LIBRARIES = YES;
				ASSETCATALOG_COMPILER_APPICON_NAME = AppIcon;
				DEVELOPMENT_TEAM = W767ECJ8B4;
				FRAMEWORK_SEARCH_PATHS = (
					"$(inherited)",
					"$(PROJECT_DIR)",
				);
				INFOPLIST_FILE = pomo/Info.plist;
				LD_RUNPATH_SEARCH_PATHS = "$(inherited) @executable_path/Frameworks";
				PRODUCT_BUNDLE_IDENTIFIER = Kittipol.pomo;
				PRODUCT_NAME = "$(TARGET_NAME)";
				SWIFT_OBJC_BRIDGING_HEADER = "pomo/pomo-Bridging-Header.h";
				"SWIFT_OBJC_BRIDGING_HEADER[arch=*]" = "pomo/pomo-Bridging-Header.h";
				SWIFT_VERSION = 3.0;
			};
			name = Debug;
		};
		F15B7ABC1DA8D67100A663D9 /* Release */ = {
			isa = XCBuildConfiguration;
			baseConfigurationReference = 11DE6B9A22581BDDB272102E /* Pods-pomo.release.xcconfig */;
			buildSettings = {
				ALWAYS_EMBED_SWIFT_STANDARD_LIBRARIES = YES;
				ASSETCATALOG_COMPILER_APPICON_NAME = AppIcon;
				DEVELOPMENT_TEAM = W767ECJ8B4;
				FRAMEWORK_SEARCH_PATHS = (
					"$(inherited)",
					"$(PROJECT_DIR)",
				);
				INFOPLIST_FILE = pomo/Info.plist;
				LD_RUNPATH_SEARCH_PATHS = "$(inherited) @executable_path/Frameworks";
				PRODUCT_BUNDLE_IDENTIFIER = Kittipol.pomo;
				PRODUCT_NAME = "$(TARGET_NAME)";
				SWIFT_OBJC_BRIDGING_HEADER = "pomo/pomo-Bridging-Header.h";
				"SWIFT_OBJC_BRIDGING_HEADER[arch=*]" = "pomo/pomo-Bridging-Header.h";
				SWIFT_VERSION = 3.0;
			};
			name = Release;
		};
		F15B7ABE1DA8D67100A663D9 /* Debug */ = {
			isa = XCBuildConfiguration;
			buildSettings = {
				BUNDLE_LOADER = "$(TEST_HOST)";
				INFOPLIST_FILE = pomoTests/Info.plist;
				LD_RUNPATH_SEARCH_PATHS = "$(inherited) @executable_path/Frameworks @loader_path/Frameworks";
				PRODUCT_BUNDLE_IDENTIFIER = Kittipol.pomoTests;
				PRODUCT_NAME = "$(TARGET_NAME)";
				SWIFT_VERSION = 3.0;
				TEST_HOST = "$(BUILT_PRODUCTS_DIR)/pomo.app/pomo";
			};
			name = Debug;
		};
		F15B7ABF1DA8D67100A663D9 /* Release */ = {
			isa = XCBuildConfiguration;
			buildSettings = {
				BUNDLE_LOADER = "$(TEST_HOST)";
				INFOPLIST_FILE = pomoTests/Info.plist;
				LD_RUNPATH_SEARCH_PATHS = "$(inherited) @executable_path/Frameworks @loader_path/Frameworks";
				PRODUCT_BUNDLE_IDENTIFIER = Kittipol.pomoTests;
				PRODUCT_NAME = "$(TARGET_NAME)";
				SWIFT_VERSION = 3.0;
				TEST_HOST = "$(BUILT_PRODUCTS_DIR)/pomo.app/pomo";
			};
			name = Release;
		};
		F15B7AC11DA8D67100A663D9 /* Debug */ = {
			isa = XCBuildConfiguration;
			buildSettings = {
				INFOPLIST_FILE = pomoUITests/Info.plist;
				LD_RUNPATH_SEARCH_PATHS = "$(inherited) @executable_path/Frameworks @loader_path/Frameworks";
				PRODUCT_BUNDLE_IDENTIFIER = Kittipol.pomoUITests;
				PRODUCT_NAME = "$(TARGET_NAME)";
				SWIFT_VERSION = 3.0;
				TEST_TARGET_NAME = pomo;
			};
			name = Debug;
		};
		F15B7AC21DA8D67100A663D9 /* Release */ = {
			isa = XCBuildConfiguration;
			buildSettings = {
				INFOPLIST_FILE = pomoUITests/Info.plist;
				LD_RUNPATH_SEARCH_PATHS = "$(inherited) @executable_path/Frameworks @loader_path/Frameworks";
				PRODUCT_BUNDLE_IDENTIFIER = Kittipol.pomoUITests;
				PRODUCT_NAME = "$(TARGET_NAME)";
				SWIFT_VERSION = 3.0;
				TEST_TARGET_NAME = pomo;
			};
			name = Release;
		};
/* End XCBuildConfiguration section */

/* Begin XCConfigurationList section */
		F15B7A8A1DA8D67000A663D9 /* Build configuration list for PBXProject "pomo" */ = {
			isa = XCConfigurationList;
			buildConfigurations = (
				F15B7AB81DA8D67100A663D9 /* Debug */,
				F15B7AB91DA8D67100A663D9 /* Release */,
			);
			defaultConfigurationIsVisible = 0;
			defaultConfigurationName = Release;
		};
		F15B7ABA1DA8D67100A663D9 /* Build configuration list for PBXNativeTarget "pomo" */ = {
			isa = XCConfigurationList;
			buildConfigurations = (
				F15B7ABB1DA8D67100A663D9 /* Debug */,
				F15B7ABC1DA8D67100A663D9 /* Release */,
			);
			defaultConfigurationIsVisible = 0;
			defaultConfigurationName = Release;
		};
		F15B7ABD1DA8D67100A663D9 /* Build configuration list for PBXNativeTarget "pomoTests" */ = {
			isa = XCConfigurationList;
			buildConfigurations = (
				F15B7ABE1DA8D67100A663D9 /* Debug */,
				F15B7ABF1DA8D67100A663D9 /* Release */,
			);
			defaultConfigurationIsVisible = 0;
			defaultConfigurationName = Release;
		};
		F15B7AC01DA8D67100A663D9 /* Build configuration list for PBXNativeTarget "pomoUITests" */ = {
			isa = XCConfigurationList;
			buildConfigurations = (
				F15B7AC11DA8D67100A663D9 /* Debug */,
				F15B7AC21DA8D67100A663D9 /* Release */,
			);
			defaultConfigurationIsVisible = 0;
			defaultConfigurationName = Release;
		};
/* End XCConfigurationList section */

/* Begin XCVersionGroup section */
		F15B7A991DA8D67100A663D9 /* pomo.xcdatamodeld */ = {
			isa = XCVersionGroup;
			children = (
				F15B7A9A1DA8D67100A663D9 /* pomo.xcdatamodel */,
			);
			currentVersion = F15B7A9A1DA8D67100A663D9 /* pomo.xcdatamodel */;
			path = pomo.xcdatamodeld;
			sourceTree = "<group>";
			versionGroupType = wrapper.xcdatamodel;
		};
/* End XCVersionGroup section */
	};
	rootObject = F15B7A871DA8D67000A663D9 /* Project object */;
}
